
Microsoft Visual Studio Solution File, Format Version 12.00
# Visual Studio Version 16
VisualStudioVersion = 16.0.30114.105
MinimumVisualStudioVersion = 10.0.40219.1
Project("{9A19103F-16F7-4668-BE54-9A1E7A4F7556}") = "Api", "api\Api.csproj", "{97886224-4C40-4447-8208-008B4BDD5F84}"
EndProject
Project("{9A19103F-16F7-4668-BE54-9A1E7A4F7556}") = "Api.Tests", "API.Tests\Api.Tests.csproj", "{778728F9-C654-4C8D-A6C8-8ECB11E7B3F2}"
EndProject
Global
	GlobalSection(SolutionConfigurationPlatforms) = preSolution
		Debug|Any CPU = Debug|Any CPU
		Debug|x64 = Debug|x64
		Debug|x86 = Debug|x86
		Release|Any CPU = Release|Any CPU
		Release|x64 = Release|x64
		Release|x86 = Release|x86
	EndGlobalSection
	GlobalSection(ProjectConfigurationPlatforms) = postSolution
		{97886224-4C40-4447-8208-008B4BDD5F84}.Debug|Any CPU.ActiveCfg = Debug|Any CPU
		{97886224-4C40-4447-8208-008B4BDD5F84}.Debug|Any CPU.Build.0 = Debug|Any CPU
		{97886224-4C40-4447-8208-008B4BDD5F84}.Debug|x64.ActiveCfg = Debug|Any CPU
		{97886224-4C40-4447-8208-008B4BDD5F84}.Debug|x64.Build.0 = Debug|Any CPU
		{97886224-4C40-4447-8208-008B4BDD5F84}.Debug|x86.ActiveCfg = Debug|Any CPU
		{97886224-4C40-4447-8208-008B4BDD5F84}.Debug|x86.Build.0 = Debug|Any CPU
		{97886224-4C40-4447-8208-008B4BDD5F84}.Release|Any CPU.ActiveCfg = Release|Any CPU
		{97886224-4C40-4447-8208-008B4BDD5F84}.Release|Any CPU.Build.0 = Release|Any CPU
		{97886224-4C40-4447-8208-008B4BDD5F84}.Release|x64.ActiveCfg = Release|Any CPU
		{97886224-4C40-4447-8208-008B4BDD5F84}.Release|x64.Build.0 = Release|Any CPU
		{97886224-4C40-4447-8208-008B4BDD5F84}.Release|x86.ActiveCfg = Release|Any CPU
		{97886224-4C40-4447-8208-008B4BDD5F84}.Release|x86.Build.0 = Release|Any CPU
		{778728F9-C654-4C8D-A6C8-8ECB11E7B3F2}.Debug|Any CPU.ActiveCfg = Debug|Any CPU
		{778728F9-C654-4C8D-A6C8-8ECB11E7B3F2}.Debug|Any CPU.Build.0 = Debug|Any CPU
		{778728F9-C654-4C8D-A6C8-8ECB11E7B3F2}.Debug|x64.ActiveCfg = Debug|Any CPU
		{778728F9-C654-4C8D-A6C8-8ECB11E7B3F2}.Debug|x64.Build.0 = Debug|Any CPU
		{778728F9-C654-4C8D-A6C8-8ECB11E7B3F2}.Debug|x86.ActiveCfg = Debug|Any CPU
		{778728F9-C654-4C8D-A6C8-8ECB11E7B3F2}.Debug|x86.Build.0 = Debug|Any CPU
		{778728F9-C654-4C8D-A6C8-8ECB11E7B3F2}.Release|Any CPU.ActiveCfg = Release|Any CPU
		{778728F9-C654-4C8D-A6C8-8ECB11E7B3F2}.Release|Any CPU.Build.0 = Release|Any CPU
		{778728F9-C654-4C8D-A6C8-8ECB11E7B3F2}.Release|x64.ActiveCfg = Release|Any CPU
		{778728F9-C654-4C8D-A6C8-8ECB11E7B3F2}.Release|x64.Build.0 = Release|Any CPU
		{778728F9-C654-4C8D-A6C8-8ECB11E7B3F2}.Release|x86.ActiveCfg = Release|Any CPU
		{778728F9-C654-4C8D-A6C8-8ECB11E7B3F2}.Release|x86.Build.0 = Release|Any CPU
	EndGlobalSection
	GlobalSection(SolutionProperties) = preSolution
		HideSolutionNode = FALSE
	EndGlobalSection
	GlobalSection(ExtensibilityGlobals) = postSolution
		SolutionGuid = {B004578B-AB0F-4C03-97A8-FD5439CB75FB}
	EndGlobalSection
EndGlobal
